
Microsoft Visual Studio Solution File, Format Version 12.00
# Visual Studio Version 17
VisualStudioVersion = 17.7.34221.43
MinimumVisualStudioVersion = 10.0.40219.1
Project("{FAE04EC0-301F-11D3-BF4B-00C04F79EFBC}") = "golden-wallet3.APPconsolev1", "golden-wallet3.APPconsolev1\golden-wallet3.APPconsolev1.csproj", "{F90E2661-3E6B-45DC-94FF-49497ECAE664}"
EndProject
Project("{FAE04EC0-301F-11D3-BF4B-00C04F79EFBC}") = "golden-wallet3.BLL", "golden-wallet3.BLL\golden-wallet3.BLL.csproj", "{383CF7D1-0931-4A8E-B767-62E3E5FE1B8B}"
EndProject
Project("{FAE04EC0-301F-11D3-BF4B-00C04F79EFBC}") = "golden-wallet3.DAL", "golden-wallet3.DAL\golden-wallet3.DAL.csproj", "{1B22CCF0-F7FC-4775-BDF1-D63D325127F9}"
EndProject
Project("{FAE04EC0-301F-11D3-BF4B-00C04F79EFBC}") = "golden-wallet3.MODEL", "golden-wallet3.MODEL\golden-wallet3.MODEL.csproj", "{9021B186-18A8-420B-B7F5-5B624C241425}"
EndProject
Global
	GlobalSection(SolutionConfigurationPlatforms) = preSolution
		Debug|Any CPU = Debug|Any CPU
		Release|Any CPU = Release|Any CPU
	EndGlobalSection
	GlobalSection(ProjectConfigurationPlatforms) = postSolution
		{F90E2661-3E6B-45DC-94FF-49497ECAE664}.Debug|Any CPU.ActiveCfg = Debug|Any CPU
		{F90E2661-3E6B-45DC-94FF-49497ECAE664}.Debug|Any CPU.Build.0 = Debug|Any CPU
		{F90E2661-3E6B-45DC-94FF-49497ECAE664}.Release|Any CPU.ActiveCfg = Release|Any CPU
		{F90E2661-3E6B-45DC-94FF-49497ECAE664}.Release|Any CPU.Build.0 = Release|Any CPU
		{383CF7D1-0931-4A8E-B767-62E3E5FE1B8B}.Debug|Any CPU.ActiveCfg = Debug|Any CPU
		{383CF7D1-0931-4A8E-B767-62E3E5FE1B8B}.Debug|Any CPU.Build.0 = Debug|Any CPU
		{383CF7D1-0931-4A8E-B767-62E3E5FE1B8B}.Release|Any CPU.ActiveCfg = Release|Any CPU
		{383CF7D1-0931-4A8E-B767-62E3E5FE1B8B}.Release|Any CPU.Build.0 = Release|Any CPU
		{1B22CCF0-F7FC-4775-BDF1-D63D325127F9}.Debug|Any CPU.ActiveCfg = Debug|Any CPU
		{1B22CCF0-F7FC-4775-BDF1-D63D325127F9}.Debug|Any CPU.Build.0 = Debug|Any CPU
		{1B22CCF0-F7FC-4775-BDF1-D63D325127F9}.Release|Any CPU.ActiveCfg = Release|Any CPU
		{1B22CCF0-F7FC-4775-BDF1-D63D325127F9}.Release|Any CPU.Build.0 = Release|Any CPU
		{9021B186-18A8-420B-B7F5-5B624C241425}.Debug|Any CPU.ActiveCfg = Debug|Any CPU
		{9021B186-18A8-420B-B7F5-5B624C241425}.Debug|Any CPU.Build.0 = Debug|Any CPU
		{9021B186-18A8-420B-B7F5-5B624C241425}.Release|Any CPU.ActiveCfg = Release|Any CPU
		{9021B186-18A8-420B-B7F5-5B624C241425}.Release|Any CPU.Build.0 = Release|Any CPU
	EndGlobalSection
	GlobalSection(SolutionProperties) = preSolution
		HideSolutionNode = FALSE
	EndGlobalSection
	GlobalSection(ExtensibilityGlobals) = postSolution
		SolutionGuid = {3BB9976C-42EC-4156-81DB-E6CB64984339}
	EndGlobalSection
EndGlobal
